
Microsoft Visual Studio Solution File, Format Version 12.00
# Visual Studio 14
VisualStudioVersion = 14.0.25420.1
MinimumVisualStudioVersion = 10.0.40219.1
Project("{2150E333-8FDC-42A3-9474-1A3956D46DE8}") = "src", "src", "{85EC1809-8A3B-4295-91D9-597F43026E8C}"
EndProject
Project("{2150E333-8FDC-42A3-9474-1A3956D46DE8}") = "Solution Items", "Solution Items", "{DA61257E-26BC-4D93-85BE-49D00F96B6EA}"
	ProjectSection(SolutionItems) = preProject
		global.json = global.json
	EndProjectSection
EndProject
Project("{8BB2217D-0F2D-49D1-97BC-3654ED321F3B}") = "GR.Data", "src\GR.Data\GR.Data.xproj", "{C592B220-3DA5-4FCF-83B8-994184888909}"
EndProject
Project("{8BB2217D-0F2D-49D1-97BC-3654ED321F3B}") = "GR.Web", "src\GR.Web\GR.Web.xproj", "{4F8725ED-759B-4866-AC1E-A711C622BE30}"
EndProject
Global
	GlobalSection(SolutionConfigurationPlatforms) = preSolution
		Debug|Any CPU = Debug|Any CPU
		Release|Any CPU = Release|Any CPU
	EndGlobalSection
	GlobalSection(ProjectConfigurationPlatforms) = postSolution
		{C592B220-3DA5-4FCF-83B8-994184888909}.Debug|Any CPU.ActiveCfg = Debug|Any CPU
		{C592B220-3DA5-4FCF-83B8-994184888909}.Debug|Any CPU.Build.0 = Debug|Any CPU
		{C592B220-3DA5-4FCF-83B8-994184888909}.Release|Any CPU.ActiveCfg = Release|Any CPU
		{C592B220-3DA5-4FCF-83B8-994184888909}.Release|Any CPU.Build.0 = Release|Any CPU
		{4F8725ED-759B-4866-AC1E-A711C622BE30}.Debug|Any CPU.ActiveCfg = Debug|Any CPU
		{4F8725ED-759B-4866-AC1E-A711C622BE30}.Debug|Any CPU.Build.0 = Debug|Any CPU
		{4F8725ED-759B-4866-AC1E-A711C622BE30}.Release|Any CPU.ActiveCfg = Release|Any CPU
		{4F8725ED-759B-4866-AC1E-A711C622BE30}.Release|Any CPU.Build.0 = Release|Any CPU
	EndGlobalSection
	GlobalSection(SolutionProperties) = preSolution
		HideSolutionNode = FALSE
	EndGlobalSection
	GlobalSection(NestedProjects) = preSolution
		{C592B220-3DA5-4FCF-83B8-994184888909} = {85EC1809-8A3B-4295-91D9-597F43026E8C}
		{4F8725ED-759B-4866-AC1E-A711C622BE30} = {85EC1809-8A3B-4295-91D9-597F43026E8C}
	EndGlobalSection
EndGlobal
